// !$*UTF8*$!
{
	archiveVersion = 1;
	classes = {
	};
	objectVersion = 55;
	objects = {

/* Begin PBXBuildFile section */
		BD197AF928ABE70000D6F8F3 /* AppDelegate.swift in Sources */ = {isa = PBXBuildFile; fileRef = BD197AF828ABE70000D6F8F3 /* AppDelegate.swift */; };
		BD197AFB28ABE70000D6F8F3 /* SceneDelegate.swift in Sources */ = {isa = PBXBuildFile; fileRef = BD197AFA28ABE70000D6F8F3 /* SceneDelegate.swift */; };
		BD197AFD28ABE70000D6F8F3 /* ViewController.swift in Sources */ = {isa = PBXBuildFile; fileRef = BD197AFC28ABE70000D6F8F3 /* ViewController.swift */; };
		BD197B0028ABE70000D6F8F3 /* Main.storyboard in Resources */ = {isa = PBXBuildFile; fileRef = BD197AFE28ABE70000D6F8F3 /* Main.storyboard */; };
		BD197B0328ABE70000D6F8F3 /* Camera_DisplayPhoto.xcdatamodeld in Sources */ = {isa = PBXBuildFile; fileRef = BD197B0128ABE70000D6F8F3 /* Camera_DisplayPhoto.xcdatamodeld */; };
		BD197B0528ABE70100D6F8F3 /* Assets.xcassets in Resources */ = {isa = PBXBuildFile; fileRef = BD197B0428ABE70100D6F8F3 /* Assets.xcassets */; };
		BD197B0828ABE70100D6F8F3 /* LaunchScreen.storyboard in Resources */ = {isa = PBXBuildFile; fileRef = BD197B0628ABE70100D6F8F3 /* LaunchScreen.storyboard */; };
/* End PBXBuildFile section */

/* Begin PBXFileReference section */
		BD197AF528ABE70000D6F8F3 /* Camera&DisplayPhoto.app */ = {isa = PBXFileReference; explicitFileType = wrapper.application; includeInIndex = 0; path = "Camera&DisplayPhoto.app"; sourceTree = BUILT_PRODUCTS_DIR; };
		BD197AF828ABE70000D6F8F3 /* AppDelegate.swift */ = {isa = PBXFileReference; lastKnownFileType = sourcecode.swift; path = AppDelegate.swift; sourceTree = "<group>"; };
		BD197AFA28ABE70000D6F8F3 /* SceneDelegate.swift */ = {isa = PBXFileReference; lastKnownFileType = sourcecode.swift; path = SceneDelegate.swift; sourceTree = "<group>"; };
		BD197AFC28ABE70000D6F8F3 /* ViewController.swift */ = {isa = PBXFileReference; lastKnownFileType = sourcecode.swift; path = ViewController.swift; sourceTree = "<group>"; };
		BD197AFF28ABE70000D6F8F3 /* Base */ = {isa = PBXFileReference; lastKnownFileType = file.storyboard; name = Base; path = Base.lproj/Main.storyboard; sourceTree = "<group>"; };
		BD197B0228ABE70000D6F8F3 /* Camera_DisplayPhoto.xcdatamodel */ = {isa = PBXFileReference; lastKnownFileType = wrapper.xcdatamodel; path = Camera_DisplayPhoto.xcdatamodel; sourceTree = "<group>"; };
		BD197B0428ABE70100D6F8F3 /* Assets.xcassets */ = {isa = PBXFileReference; lastKnownFileType = folder.assetcatalog; path = Assets.xcassets; sourceTree = "<group>"; };
		BD197B0728ABE70100D6F8F3 /* Base */ = {isa = PBXFileReference; lastKnownFileType = file.storyboard; name = Base; path = Base.lproj/LaunchScreen.storyboard; sourceTree = "<group>"; };
		BD197B0928ABE70100D6F8F3 /* Info.plist */ = {isa = PBXFileReference; lastKnownFileType = text.plist.xml; path = Info.plist; sourceTree = "<group>"; };
/* End PBXFileReference section */

/* Begin PBXFrameworksBuildPhase section */
		BD197AF228ABE70000D6F8F3 /* Frameworks */ = {
			isa = PBXFrameworksBuildPhase;
			buildActionMask = 2147483647;
			files = (
			);
			runOnlyForDeploymentPostprocessing = 0;
		};
/* End PBXFrameworksBuildPhase section */

/* Begin PBXGroup section */
		BD197AEC28ABE70000D6F8F3 = {
			isa = PBXGroup;
			children = (
				BD197AF728ABE70000D6F8F3 /* Camera&DisplayPhoto */,
				BD197AF628ABE70000D6F8F3 /* Products */,
			);
			sourceTree = "<group>";
		};
		BD197AF628ABE70000D6F8F3 /* Products */ = {
			isa = PBXGroup;
			children = (
				BD197AF528ABE70000D6F8F3 /* Camera&DisplayPhoto.app */,
			);
			name = Products;
			sourceTree = "<group>";
		};
		BD197AF728ABE70000D6F8F3 /* Camera&DisplayPhoto */ = {
			isa = PBXGroup;
			children = (
				BD197AF828ABE70000D6F8F3 /* AppDelegate.swift */,
				BD197AFA28ABE70000D6F8F3 /* SceneDelegate.swift */,
				BD197AFC28ABE70000D6F8F3 /* ViewController.swift */,
				BD197AFE28ABE70000D6F8F3 /* Main.storyboard */,
				BD197B0428ABE70100D6F8F3 /* Assets.xcassets */,
				BD197B0628ABE70100D6F8F3 /* LaunchScreen.storyboard */,
				BD197B0928ABE70100D6F8F3 /* Info.plist */,
				BD197B0128ABE70000D6F8F3 /* Camera_DisplayPhoto.xcdatamodeld */,
			);
			path = "Camera&DisplayPhoto";
			sourceTree = "<group>";
		};
/* End PBXGroup section */

/* Begin PBXNativeTarget section */
		BD197AF428ABE70000D6F8F3 /* Camera&DisplayPhoto */ = {
			isa = PBXNativeTarget;
			buildConfigurationList = BD197B0C28ABE70100D6F8F3 /* Build configuration list for PBXNativeTarget "Camera&DisplayPhoto" */;
			buildPhases = (
				BD197AF128ABE70000D6F8F3 /* Sources */,
				BD197AF228ABE70000D6F8F3 /* Frameworks */,
				BD197AF328ABE70000D6F8F3 /* Resources */,
			);
			buildRules = (
			);
			dependencies = (
			);
			name = "Camera&DisplayPhoto";
			productName = "Camera&DisplayPhoto";
			productReference = BD197AF528ABE70000D6F8F3 /* Camera&DisplayPhoto.app */;
			productType = "com.apple.product-type.application";
		};
/* End PBXNativeTarget section */

/* Begin PBXProject section */
		BD197AED28ABE70000D6F8F3 /* Project object */ = {
			isa = PBXProject;
			attributes = {
				BuildIndependentTargetsInParallel = 1;
				LastSwiftUpdateCheck = 1340;
				LastUpgradeCheck = 1340;
				TargetAttributes = {
					BD197AF428ABE70000D6F8F3 = {
						CreatedOnToolsVersion = 13.4.1;
					};
				};
			};
			buildConfigurationList = BD197AF028ABE70000D6F8F3 /* Build configuration list for PBXProject "Camera&DisplayPhoto" */;
			compatibilityVersion = "Xcode 13.0";
			developmentRegion = en;
			hasScannedForEncodings = 0;
			knownRegions = (
				en,
				Base,
			);
			mainGroup = BD197AEC28ABE70000D6F8F3;
			productRefGroup = BD197AF628ABE70000D6F8F3 /* Products */;
			projectDirPath = "";
			projectRoot = "";
			targets = (
				BD197AF428ABE70000D6F8F3 /* Camera&DisplayPhoto */,
			);
		};
/* End PBXProject section */

/* Begin PBXResourcesBuildPhase section */
		BD197AF328ABE70000D6F8F3 /* Resources */ = {
			isa = PBXResourcesBuildPhase;
			buildActionMask = 2147483647;
			files = (
				BD197B0828ABE70100D6F8F3 /* LaunchScreen.storyboard in Resources */,
				BD197B0528ABE70100D6F8F3 /* Assets.xcassets in Resources */,
				BD197B0028ABE70000D6F8F3 /* Main.storyboard in Resources */,
			);
			runOnlyForDeploymentPostprocessing = 0;
		};
/* End PBXResourcesBuildPhase section */

/* Begin PBXSourcesBuildPhase section */
		BD197AF128ABE70000D6F8F3 /* Sources */ = {
			isa = PBXSourcesBuildPhase;
			buildActionMask = 2147483647;
			files = (
				BD197B0328ABE70000D6F8F3 /* Camera_DisplayPhoto.xcdatamodeld in Sources */,
				BD197AFD28ABE70000D6F8F3 /* ViewController.swift in Sources */,
				BD197AF928ABE70000D6F8F3 /* AppDelegate.swift in Sources */,
				BD197AFB28ABE70000D6F8F3 /* SceneDelegate.swift in Sources */,
			);
			runOnlyForDeploymentPostprocessing = 0;
		};
/* End PBXSourcesBuildPhase section */

/* Begin PBXVariantGroup section */
		BD197AFE28ABE70000D6F8F3 /* Main.storyboard */ = {
			isa = PBXVariantGroup;
			children = (
				BD197AFF28ABE70000D6F8F3 /* Base */,
			);
			name = Main.storyboard;
			sourceTree = "<group>";
		};
		BD197B0628ABE70100D6F8F3 /* LaunchScreen.storyboard */ = {
			isa = PBXVariantGroup;
			children = (
				BD197B0728ABE70100D6F8F3 /* Base */,
			);
			name = LaunchScreen.storyboard;
			sourceTree = "<group>";
		};
/* End PBXVariantGroup section */

/* Begin XCBuildConfiguration section */
		BD197B0A28ABE70100D6F8F3 /* Debug */ = {
			isa = XCBuildConfiguration;
			buildSettings = {
				ALWAYS_SEARCH_USER_PATHS = NO;
				CLANG_ANALYZER_NONNULL = YES;
				CLANG_ANALYZER_NUMBER_OBJECT_CONVERSION = YES_AGGRESSIVE;
				CLANG_CXX_LANGUAGE_STANDARD = "gnu++17";
				CLANG_ENABLE_MODULES = YES;
				CLANG_ENABLE_OBJC_ARC = YES;
				CLANG_ENABLE_OBJC_WEAK = YES;
				CLANG_WARN_BLOCK_CAPTURE_AUTORELEASING = YES;
				CLANG_WARN_BOOL_CONVERSION = YES;
				CLANG_WARN_COMMA = YES;
				CLANG_WARN_CONSTANT_CONVERSION = YES;
				CLANG_WARN_DEPRECATED_OBJC_IMPLEMENTATIONS = YES;
				CLANG_WARN_DIRECT_OBJC_ISA_USAGE = YES_ERROR;
				CLANG_WARN_DOCUMENTATION_COMMENTS = YES;
				CLANG_WARN_EMPTY_BODY = YES;
				CLANG_WARN_ENUM_CONVERSION = YES;
				CLANG_WARN_INFINITE_RECURSION = YES;
				CLANG_WARN_INT_CONVERSION = YES;
				CLANG_WARN_NON_LITERAL_NULL_CONVERSION = YES;
				CLANG_WARN_OBJC_IMPLICIT_RETAIN_SELF = YES;
				CLANG_WARN_OBJC_LITERAL_CONVERSION = YES;
				CLANG_WARN_OBJC_ROOT_CLASS = YES_ERROR;
				CLANG_WARN_QUOTED_INCLUDE_IN_FRAMEWORK_HEADER = YES;
				CLANG_WARN_RANGE_LOOP_ANALYSIS = YES;
				CLANG_WARN_STRICT_PROTOTYPES = YES;
				CLANG_WARN_SUSPICIOUS_MOVE = YES;
				CLANG_WARN_UNGUARDED_AVAILABILITY = YES_AGGRESSIVE;
				CLANG_WARN_UNREACHABLE_CODE = YES;
				CLANG_WARN__DUPLICATE_METHOD_MATCH = YES;
				COPY_PHASE_STRIP = NO;
				DEBUG_INFORMATION_FORMAT = dwarf;
				ENABLE_STRICT_OBJC_MSGSEND = YES;
				ENABLE_TESTABILITY = YES;
				GCC_C_LANGUAGE_STANDARD = gnu11;
				GCC_DYNAMIC_NO_PIC = NO;
				GCC_NO_COMMON_BLOCKS = YES;
				GCC_OPTIMIZATION_LEVEL = 0;
				GCC_PREPROCESSOR_DEFINITIONS = (
					"DEBUG=1",
					"$(inherited)",
				);
				GCC_WARN_64_TO_32_BIT_CONVERSION = YES;
				GCC_WARN_ABOUT_RETURN_TYPE = YES_ERROR;
				GCC_WARN_UNDECLARED_SELECTOR = YES;
				GCC_WARN_UNINITIALIZED_AUTOS = YES_AGGRESSIVE;
				GCC_WARN_UNUSED_FUNCTION = YES;
				GCC_WARN_UNUSED_VARIABLE = YES;
				IPHONEOS_DEPLOYMENT_TARGET = 15.5;
				MTL_ENABLE_DEBUG_INFO = INCLUDE_SOURCE;
				MTL_FAST_MATH = YES;
				ONLY_ACTIVE_ARCH = YES;
				SDKROOT = iphoneos;
				SWIFT_ACTIVE_COMPILATION_CONDITIONS = DEBUG;
				SWIFT_OPTIMIZATION_LEVEL = "-Onone";
			};
			name = Debug;
		};
		BD197B0B28ABE70100D6F8F3 /* Release */ = {
			isa = XCBuildConfiguration;
			buildSettings = {
				ALWAYS_SEARCH_USER_PATHS = NO;
				CLANG_ANALYZER_NONNULL = YES;
				CLANG_ANALYZER_NUMBER_OBJECT_CONVERSION = YES_AGGRESSIVE;
				CLANG_CXX_LANGUAGE_STANDARD = "gnu++17";
				CLANG_ENABLE_MODULES = YES;
				CLANG_ENABLE_OBJC_ARC = YES;
				CLANG_ENABLE_OBJC_WEAK = YES;
				CLANG_WARN_BLOCK_CAPTURE_AUTORELEASING = YES;
				CLANG_WARN_BOOL_CONVERSION = YES;
				CLANG_WARN_COMMA = YES;
				CLANG_WARN_CONSTANT_CONVERSION = YES;
				CLANG_WARN_DEPRECATED_OBJC_IMPLEMENTATIONS = YES;
				CLANG_WARN_DIRECT_OBJC_ISA_USAGE = YES_ERROR;
				CLANG_WARN_DOCUMENTATION_COMMENTS = YES;
				CLANG_WARN_EMPTY_BODY = YES;
				CLANG_WARN_ENUM_CONVERSION = YES;
				CLANG_WARN_INFINITE_RECURSION = YES;
				CLANG_WARN_INT_CONVERSION = YES;
				CLANG_WARN_NON_LITERAL_NULL_CONVERSION = YES;
				CLANG_WARN_OBJC_IMPLICIT_RETAIN_SELF = YES;
				CLANG_WARN_OBJC_LITERAL_CONVERSION = YES;
				CLANG_WARN_OBJC_ROOT_CLASS = YES_ERROR;
				CLANG_WARN_QUOTED_INCLUDE_IN_FRAMEWORK_HEADER = YES;
				CLANG_WARN_RANGE_LOOP_ANALYSIS = YES;
				CLANG_WARN_STRICT_PROTOTYPES = YES;
				CLANG_WARN_SUSPICIOUS_MOVE = YES;
				CLANG_WARN_UNGUARDED_AVAILABILITY = YES_AGGRESSIVE;
				CLANG_WARN_UNREACHABLE_CODE = YES;
				CLANG_WARN__DUPLICATE_METHOD_MATCH = YES;
				COPY_PHASE_STRIP = NO;
				DEBUG_INFORMATION_FORMAT = "dwarf-with-dsym";
				ENABLE_NS_ASSERTIONS = NO;
				ENABLE_STRICT_OBJC_MSGSEND = YES;
				GCC_C_LANGUAGE_STANDARD = gnu11;
				GCC_NO_COMMON_BLOCKS = YES;
				GCC_WARN_64_TO_32_BIT_CONVERSION = YES;
				GCC_WARN_ABOUT_RETURN_TYPE = YES_ERROR;
				GCC_WARN_UNDECLARED_SELECTOR = YES;
				GCC_WARN_UNINITIALIZED_AUTOS = YES_AGGRESSIVE;
				GCC_WARN_UNUSED_FUNCTION = YES;
				GCC_WARN_UNUSED_VARIABLE = YES;
				IPHONEOS_DEPLOYMENT_TARGET = 15.5;
				MTL_ENABLE_DEBUG_INFO = NO;
				MTL_FAST_MATH = YES;
				SDKROOT = iphoneos;
				SWIFT_COMPILATION_MODE = wholemodule;
				SWIFT_OPTIMIZATION_LEVEL = "-O";
				VALIDATE_PRODUCT = YES;
			};
			name = Release;
		};
		BD197B0D28ABE70100D6F8F3 /* Debug */ = {
			isa = XCBuildConfiguration;
			buildSettings = {
				ASSETCATALOG_COMPILER_APPICON_NAME = AppIcon;
				ASSETCATALOG_COMPILER_GLOBAL_ACCENT_COLOR_NAME = AccentColor;
				CODE_SIGN_STYLE = Automatic;
				CURRENT_PROJECT_VERSION = 1;
				DEVELOPMENT_TEAM = 4KU9ZZHMB5;
				GENERATE_INFOPLIST_FILE = YES;
				INFOPLIST_FILE = "Camera&DisplayPhoto/Info.plist";
				INFOPLIST_KEY_UIApplicationSupportsIndirectInputEvents = YES;
				INFOPLIST_KEY_UILaunchStoryboardName = LaunchScreen;
				INFOPLIST_KEY_UIMainStoryboardFile = Main;
				INFOPLIST_KEY_UISupportedInterfaceOrientations_iPad = "UIInterfaceOrientationPortrait UIInterfaceOrientationPortraitUpsideDown UIInterfaceOrientationLandscapeLeft UIInterfaceOrientationLandscapeRight";
				INFOPLIST_KEY_UISupportedInterfaceOrientations_iPhone = "UIInterfaceOrientationPortrait UIInterfaceOrientationLandscapeLeft UIInterfaceOrientationLandscapeRight";
				LD_RUNPATH_SEARCH_PATHS = (
					"$(inherited)",
					"@executable_path/Frameworks",
				);
				MARKETING_VERSION = 1.0;
				PRODUCT_BUNDLE_IDENTIFIER = "Urvi.Camera-DisplayPhoto";
				PRODUCT_NAME = "$(TARGET_NAME)";
				SWIFT_EMIT_LOC_STRINGS = YES;
				SWIFT_VERSION = 5.0;
				TARGETED_DEVICE_FAMILY = "1,2";
			};
			name = Debug;
		};
		BD197B0E28ABE70100D6F8F3 /* Release */ = {
			isa = XCBuildConfiguration;
			buildSettings = {
				ASSETCATALOG_COMPILER_APPICON_NAME = AppIcon;
				ASSETCATALOG_COMPILER_GLOBAL_ACCENT_COLOR_NAME = AccentColor;
				CODE_SIGN_STYLE = Automatic;
				CURRENT_PROJECT_VERSION = 1;
				DEVELOPMENT_TEAM = 4KU9ZZHMB5;
				GENERATE_INFOPLIST_FILE = YES;
				INFOPLIST_FILE = "Camera&DisplayPhoto/Info.plist";
				INFOPLIST_KEY_UIApplicationSupportsIndirectInputEvents = YES;
				INFOPLIST_KEY_UILaunchStoryboardName = LaunchScreen;
				INFOPLIST_KEY_UIMainStoryboardFile = Main;
				INFOPLIST_KEY_UISupportedInterfaceOrientations_iPad = "UIInterfaceOrientationPortrait UIInterfaceOrientationPortraitUpsideDown UIInterfaceOrientationLandscapeLeft UIInterfaceOrientationLandscapeRight";
				INFOPLIST_KEY_UISupportedInterfaceOrientations_iPhone = "UIInterfaceOrientationPortrait UIInterfaceOrientationLandscapeLeft UIInterfaceOrientationLandscapeRight";
				LD_RUNPATH_SEARCH_PATHS = (
					"$(inherited)",
					"@executable_path/Frameworks",
				);
				MARKETING_VERSION = 1.0;
				PRODUCT_BUNDLE_IDENTIFIER = "Urvi.Camera-DisplayPhoto";
				PRODUCT_NAME = "$(TARGET_NAME)";
				SWIFT_EMIT_LOC_STRINGS = YES;
				SWIFT_VERSION = 5.0;
				TARGETED_DEVICE_FAMILY = "1,2";
			};
			name = Release;
		};
/* End XCBuildConfiguration section */

/* Begin XCConfigurationList section */
		BD197AF028ABE70000D6F8F3 /* Build configuration list for PBXProject "Camera&DisplayPhoto" */ = {
			isa = XCConfigurationList;
			buildConfigurations = (
				BD197B0A28ABE70100D6F8F3 /* Debug */,
				BD197B0B28ABE70100D6F8F3 /* Release */,
			);
			defaultConfigurationIsVisible = 0;
			defaultConfigurationName = Release;
		};
		BD197B0C28ABE70100D6F8F3 /* Build configuration list for PBXNativeTarget "Camera&DisplayPhoto" */ = {
			isa = XCConfigurationList;
			buildConfigurations = (
				BD197B0D28ABE70100D6F8F3 /* Debug */,
				BD197B0E28ABE70100D6F8F3 /* Release */,
			);
			defaultConfigurationIsVisible = 0;
			defaultConfigurationName = Release;
		};
/* End XCConfigurationList section */

/* Begin XCVersionGroup section */
		BD197B0128ABE70000D6F8F3 /* Camera_DisplayPhoto.xcdatamodeld */ = {
			isa = XCVersionGroup;
			children = (
				BD197B0228ABE70000D6F8F3 /* Camera_DisplayPhoto.xcdatamodel */,
			);
			currentVersion = BD197B0228ABE70000D6F8F3 /* Camera_DisplayPhoto.xcdatamodel */;
			path = Camera_DisplayPhoto.xcdatamodeld;
			sourceTree = "<group>";
			versionGroupType = wrapper.xcdatamodel;
		};
/* End XCVersionGroup section */
	};
	rootObject = BD197AED28ABE70000D6F8F3 /* Project object */;
}
